
Microsoft Visual Studio Solution File, Format Version 12.00
Project("{2150E333-8FDC-42A3-9474-1A3956D46DE8}") = "Solution items", "Solution items", "{1B0803C7-C282-44FB-B1C9-6199FD6E1122}"
	ProjectSection(SolutionItems) = preProject
		..\LICENSE = ..\LICENSE
		..\README.md = ..\README.md
		..\.gitignore = ..\.gitignore
	EndProjectSection
EndProject
Project("{FAE04EC0-301F-11D3-BF4B-00C04F79EFBC}") = "BitSoft.BinaryTools", "BitSoft.BinaryTools\BitSoft.BinaryTools.csproj", "{19535389-2AAA-42AD-84E2-41905D196A5A}"
EndProject
Project("{FAE04EC0-301F-11D3-BF4B-00C04F79EFBC}") = "BitSoft.BinaryTools.Tests", "BitSoft.BinaryTools.Tests\BitSoft.BinaryTools.Tests.csproj", "{BE7275D4-BCC8-4E39-9DDC-6FE0426D650C}"
EndProject
Global
	GlobalSection(SolutionConfigurationPlatforms) = preSolution
		Debug|Any CPU = Debug|Any CPU
		Release|Any CPU = Release|Any CPU
	EndGlobalSection
	GlobalSection(ProjectConfigurationPlatforms) = postSolution
		{19535389-2AAA-42AD-84E2-41905D196A5A}.Debug|Any CPU.ActiveCfg = Debug|Any CPU
		{19535389-2AAA-42AD-84E2-41905D196A5A}.Debug|Any CPU.Build.0 = Debug|Any CPU
		{19535389-2AAA-42AD-84E2-41905D196A5A}.Release|Any CPU.ActiveCfg = Release|Any CPU
		{19535389-2AAA-42AD-84E2-41905D196A5A}.Release|Any CPU.Build.0 = Release|Any CPU
		{BE7275D4-BCC8-4E39-9DDC-6FE0426D650C}.Debug|Any CPU.ActiveCfg = Debug|Any CPU
		{BE7275D4-BCC8-4E39-9DDC-6FE0426D650C}.Debug|Any CPU.Build.0 = Debug|Any CPU
		{BE7275D4-BCC8-4E39-9DDC-6FE0426D650C}.Release|Any CPU.ActiveCfg = Release|Any CPU
		{BE7275D4-BCC8-4E39-9DDC-6FE0426D650C}.Release|Any CPU.Build.0 = Release|Any CPU
	EndGlobalSection
EndGlobal
